
Microsoft Visual Studio Solution File, Format Version 12.00
# Visual Studio Version 16
VisualStudioVersion = 16.0.33214.272
MinimumVisualStudioVersion = 10.0.40219.1
Project("{FAE04EC0-301F-11D3-BF4B-00C04F79EFBC}") = "CRUD_Operation", "CRUD_Operation\CRUD_Operation.csproj", "{7889B055-5B13-4E02-AEE8-05B80A013741}"
EndProject
Global
	GlobalSection(SolutionConfigurationPlatforms) = preSolution
		Debug|Any CPU = Debug|Any CPU
		Release|Any CPU = Release|Any CPU
	EndGlobalSection
	GlobalSection(ProjectConfigurationPlatforms) = postSolution
		{7889B055-5B13-4E02-AEE8-05B80A013741}.Debug|Any CPU.ActiveCfg = Debug|Any CPU
		{7889B055-5B13-4E02-AEE8-05B80A013741}.Debug|Any CPU.Build.0 = Debug|Any CPU
		{7889B055-5B13-4E02-AEE8-05B80A013741}.Release|Any CPU.ActiveCfg = Release|Any CPU
		{7889B055-5B13-4E02-AEE8-05B80A013741}.Release|Any CPU.Build.0 = Release|Any CPU
	EndGlobalSection
	GlobalSection(SolutionProperties) = preSolution
		HideSolutionNode = FALSE
	EndGlobalSection
	GlobalSection(ExtensibilityGlobals) = postSolution
		SolutionGuid = {49ACAB1F-A712-431E-B731-B3AE8913B7F1}
	EndGlobalSection
EndGlobal
